
Microsoft Visual Studio Solution File, Format Version 12.00
# Visual Studio Version 17
VisualStudioVersion = 17.10.34902.84
MinimumVisualStudioVersion = 10.0.40219.1
Project("{FAE04EC0-301F-11D3-BF4B-00C04F79EFBC}") = "RNET104FirstConsoleApp", "RNET104FirstConsoleApp\RNET104FirstConsoleApp.csproj", "{7965BA55-E4E2-44A1-8765-59A482936086}"
EndProject
Global
	GlobalSection(SolutionConfigurationPlatforms) = preSolution
		Debug|Any CPU = Debug|Any CPU
		Release|Any CPU = Release|Any CPU
	EndGlobalSection
	GlobalSection(ProjectConfigurationPlatforms) = postSolution
		{7965BA55-E4E2-44A1-8765-59A482936086}.Debug|Any CPU.ActiveCfg = Debug|Any CPU
		{7965BA55-E4E2-44A1-8765-59A482936086}.Debug|Any CPU.Build.0 = Debug|Any CPU
		{7965BA55-E4E2-44A1-8765-59A482936086}.Release|Any CPU.ActiveCfg = Release|Any CPU
		{7965BA55-E4E2-44A1-8765-59A482936086}.Release|Any CPU.Build.0 = Release|Any CPU
	EndGlobalSection
	GlobalSection(SolutionProperties) = preSolution
		HideSolutionNode = FALSE
	EndGlobalSection
	GlobalSection(ExtensibilityGlobals) = postSolution
		SolutionGuid = {4CF0DE65-9718-49D4-9398-8DD217E85B6C}
	EndGlobalSection
EndGlobal
