
Microsoft Visual Studio Solution File, Format Version 12.00
# Visual Studio Version 17
VisualStudioVersion = 17.10.34902.84
MinimumVisualStudioVersion = 10.0.40219.1
Project("{FAE04EC0-301F-11D3-BF4B-00C04F79EFBC}") = "RNET104_10_07_2024", "RNET104_10_07_2024\RNET104_10_07_2024.csproj", "{025988AF-EB5A-4613-99F6-E837E0ABBAB8}"
EndProject
Global
	GlobalSection(SolutionConfigurationPlatforms) = preSolution
		Debug|Any CPU = Debug|Any CPU
		Release|Any CPU = Release|Any CPU
	EndGlobalSection
	GlobalSection(ProjectConfigurationPlatforms) = postSolution
		{025988AF-EB5A-4613-99F6-E837E0ABBAB8}.Debug|Any CPU.ActiveCfg = Debug|Any CPU
		{025988AF-EB5A-4613-99F6-E837E0ABBAB8}.Debug|Any CPU.Build.0 = Debug|Any CPU
		{025988AF-EB5A-4613-99F6-E837E0ABBAB8}.Release|Any CPU.ActiveCfg = Release|Any CPU
		{025988AF-EB5A-4613-99F6-E837E0ABBAB8}.Release|Any CPU.Build.0 = Release|Any CPU
	EndGlobalSection
	GlobalSection(SolutionProperties) = preSolution
		HideSolutionNode = FALSE
	EndGlobalSection
	GlobalSection(ExtensibilityGlobals) = postSolution
		SolutionGuid = {69981B10-94AE-46E7-B178-74CB08F936FC}
	EndGlobalSection
EndGlobal
