
Microsoft Visual Studio Solution File, Format Version 12.00
# Visual Studio Version 17
VisualStudioVersion = 17.10.34902.84
MinimumVisualStudioVersion = 10.0.40219.1
Project("{9A19103F-16F7-4668-BE54-9A1E7A4F7556}") = "RNET104-04062024", "RNET104-04062024\RNET104-04062024.csproj", "{94133030-7652-4756-AF0B-3206B1127F8C}"
EndProject
Project("{FAE04EC0-301F-11D3-BF4B-00C04F79EFBC}") = "HomeTask", "HomeTask\HomeTask.csproj", "{98435F0D-32E0-4110-94BC-4D86FA2F7503}"
EndProject
Global
	GlobalSection(SolutionConfigurationPlatforms) = preSolution
		Debug|Any CPU = Debug|Any CPU
		Release|Any CPU = Release|Any CPU
	EndGlobalSection
	GlobalSection(ProjectConfigurationPlatforms) = postSolution
		{94133030-7652-4756-AF0B-3206B1127F8C}.Debug|Any CPU.ActiveCfg = Debug|Any CPU
		{94133030-7652-4756-AF0B-3206B1127F8C}.Debug|Any CPU.Build.0 = Debug|Any CPU
		{94133030-7652-4756-AF0B-3206B1127F8C}.Release|Any CPU.ActiveCfg = Release|Any CPU
		{94133030-7652-4756-AF0B-3206B1127F8C}.Release|Any CPU.Build.0 = Release|Any CPU
		{98435F0D-32E0-4110-94BC-4D86FA2F7503}.Debug|Any CPU.ActiveCfg = Debug|Any CPU
		{98435F0D-32E0-4110-94BC-4D86FA2F7503}.Debug|Any CPU.Build.0 = Debug|Any CPU
		{98435F0D-32E0-4110-94BC-4D86FA2F7503}.Release|Any CPU.ActiveCfg = Release|Any CPU
		{98435F0D-32E0-4110-94BC-4D86FA2F7503}.Release|Any CPU.Build.0 = Release|Any CPU
	EndGlobalSection
	GlobalSection(SolutionProperties) = preSolution
		HideSolutionNode = FALSE
	EndGlobalSection
	GlobalSection(ExtensibilityGlobals) = postSolution
		SolutionGuid = {EE2A8643-5B16-49A2-A952-F24C5A0B04A1}
	EndGlobalSection
EndGlobal
