
Microsoft Visual Studio Solution File, Format Version 12.00
# Visual Studio Version 17
VisualStudioVersion = 17.10.34902.84
MinimumVisualStudioVersion = 10.0.40219.1
Project("{FAE04EC0-301F-11D3-BF4B-00C04F79EFBC}") = "RNET104-24052024", "RNET104-24052024\RNET104-24052024.csproj", "{9E94CB08-2AA1-490D-8758-5354257AF51C}"
EndProject
Global
	GlobalSection(SolutionConfigurationPlatforms) = preSolution
		Debug|Any CPU = Debug|Any CPU
		Release|Any CPU = Release|Any CPU
	EndGlobalSection
	GlobalSection(ProjectConfigurationPlatforms) = postSolution
		{9E94CB08-2AA1-490D-8758-5354257AF51C}.Debug|Any CPU.ActiveCfg = Debug|Any CPU
		{9E94CB08-2AA1-490D-8758-5354257AF51C}.Debug|Any CPU.Build.0 = Debug|Any CPU
		{9E94CB08-2AA1-490D-8758-5354257AF51C}.Release|Any CPU.ActiveCfg = Release|Any CPU
		{9E94CB08-2AA1-490D-8758-5354257AF51C}.Release|Any CPU.Build.0 = Release|Any CPU
	EndGlobalSection
	GlobalSection(SolutionProperties) = preSolution
		HideSolutionNode = FALSE
	EndGlobalSection
	GlobalSection(ExtensibilityGlobals) = postSolution
		SolutionGuid = {DD2A84EF-53F5-46B8-9EAD-72523A5C526C}
	EndGlobalSection
EndGlobal
